
Microsoft Visual Studio Solution File, Format Version 12.00
# Visual Studio 15
VisualStudioVersion = 15.0.26711.1
MinimumVisualStudioVersion = 10.0.40219.1
Project("{FAE04EC0-301F-11D3-BF4B-00C04F79EFBC}") = "MysticChronicles.Droid", "MysticChronicles.Droid\MysticChronicles.Droid.csproj", "{A4FC3A3D-023F-41C0-B81C-0E9EFEF027D3}"
EndProject
Project("{9A19103F-16F7-4668-BE54-9A1E7A4F7556}") = "MysticChronicles.Engine", "MysticChronicles.Engine\MysticChronicles.Engine.csproj", "{74DD17C9-6CEC-4764-8D06-B2D3D45809E0}"
EndProject
Project("{FAE04EC0-301F-11D3-BF4B-00C04F79EFBC}") = "MysticChronicles.UWP", "MysticChronicles.UWP\MysticChronicles.UWP.csproj", "{8693F5A0-66BA-4235-9931-035E55B1A273}"
EndProject
Project("{FAE04EC0-301F-11D3-BF4B-00C04F79EFBC}") = "MysticChronciles.iOS", "MysticChronciles.iOS\MysticChronciles.iOS.csproj", "{AF103635-291C-4928-951F-2C4D45516C82}"
EndProject
Project("{FAE04EC0-301F-11D3-BF4B-00C04F79EFBC}") = "MysticChronicles.Windows", "MysticChronicles.Windows\MysticChronicles.Windows.csproj", "{E7D0E41C-CDEB-45DF-BE50-7E9B69B9CC7B}"
EndProject
Global
	GlobalSection(SolutionConfigurationPlatforms) = preSolution
		Ad-Hoc|Any CPU = Ad-Hoc|Any CPU
		Ad-Hoc|ARM = Ad-Hoc|ARM
		Ad-Hoc|iPhone = Ad-Hoc|iPhone
		Ad-Hoc|iPhoneSimulator = Ad-Hoc|iPhoneSimulator
		Ad-Hoc|x64 = Ad-Hoc|x64
		Ad-Hoc|x86 = Ad-Hoc|x86
		AppStore|Any CPU = AppStore|Any CPU
		AppStore|ARM = AppStore|ARM
		AppStore|iPhone = AppStore|iPhone
		AppStore|iPhoneSimulator = AppStore|iPhoneSimulator
		AppStore|x64 = AppStore|x64
		AppStore|x86 = AppStore|x86
		Debug|Any CPU = Debug|Any CPU
		Debug|ARM = Debug|ARM
		Debug|iPhone = Debug|iPhone
		Debug|iPhoneSimulator = Debug|iPhoneSimulator
		Debug|x64 = Debug|x64
		Debug|x86 = Debug|x86
		Release|Any CPU = Release|Any CPU
		Release|ARM = Release|ARM
		Release|iPhone = Release|iPhone
		Release|iPhoneSimulator = Release|iPhoneSimulator
		Release|x64 = Release|x64
		Release|x86 = Release|x86
	EndGlobalSection
	GlobalSection(ProjectConfigurationPlatforms) = postSolution
		{A4FC3A3D-023F-41C0-B81C-0E9EFEF027D3}.Ad-Hoc|Any CPU.ActiveCfg = Release|Any CPU
		{A4FC3A3D-023F-41C0-B81C-0E9EFEF027D3}.Ad-Hoc|Any CPU.Build.0 = Release|Any CPU
		{A4FC3A3D-023F-41C0-B81C-0E9EFEF027D3}.Ad-Hoc|Any CPU.Deploy.0 = Release|Any CPU
		{A4FC3A3D-023F-41C0-B81C-0E9EFEF027D3}.Ad-Hoc|ARM.ActiveCfg = Release|Any CPU
		{A4FC3A3D-023F-41C0-B81C-0E9EFEF027D3}.Ad-Hoc|ARM.Build.0 = Release|Any CPU
		{A4FC3A3D-023F-41C0-B81C-0E9EFEF027D3}.Ad-Hoc|ARM.Deploy.0 = Release|Any CPU
		{A4FC3A3D-023F-41C0-B81C-0E9EFEF027D3}.Ad-Hoc|iPhone.ActiveCfg = Release|Any CPU
		{A4FC3A3D-023F-41C0-B81C-0E9EFEF027D3}.Ad-Hoc|iPhone.Build.0 = Release|Any CPU
		{A4FC3A3D-023F-41C0-B81C-0E9EFEF027D3}.Ad-Hoc|iPhone.Deploy.0 = Release|Any CPU
		{A4FC3A3D-023F-41C0-B81C-0E9EFEF027D3}.Ad-Hoc|iPhoneSimulator.ActiveCfg = Release|Any CPU
		{A4FC3A3D-023F-41C0-B81C-0E9EFEF027D3}.Ad-Hoc|iPhoneSimulator.Build.0 = Release|Any CPU
		{A4FC3A3D-023F-41C0-B81C-0E9EFEF027D3}.Ad-Hoc|iPhoneSimulator.Deploy.0 = Release|Any CPU
		{A4FC3A3D-023F-41C0-B81C-0E9EFEF027D3}.Ad-Hoc|x64.ActiveCfg = Release|Any CPU
		{A4FC3A3D-023F-41C0-B81C-0E9EFEF027D3}.Ad-Hoc|x64.Build.0 = Release|Any CPU
		{A4FC3A3D-023F-41C0-B81C-0E9EFEF027D3}.Ad-Hoc|x64.Deploy.0 = Release|Any CPU
		{A4FC3A3D-023F-41C0-B81C-0E9EFEF027D3}.Ad-Hoc|x86.ActiveCfg = Release|Any CPU
		{A4FC3A3D-023F-41C0-B81C-0E9EFEF027D3}.Ad-Hoc|x86.Build.0 = Release|Any CPU
		{A4FC3A3D-023F-41C0-B81C-0E9EFEF027D3}.Ad-Hoc|x86.Deploy.0 = Release|Any CPU
		{A4FC3A3D-023F-41C0-B81C-0E9EFEF027D3}.AppStore|Any CPU.ActiveCfg = Release|Any CPU
		{A4FC3A3D-023F-41C0-B81C-0E9EFEF027D3}.AppStore|Any CPU.Build.0 = Release|Any CPU
		{A4FC3A3D-023F-41C0-B81C-0E9EFEF027D3}.AppStore|Any CPU.Deploy.0 = Release|Any CPU
		{A4FC3A3D-023F-41C0-B81C-0E9EFEF027D3}.AppStore|ARM.ActiveCfg = Release|Any CPU
		{A4FC3A3D-023F-41C0-B81C-0E9EFEF027D3}.AppStore|ARM.Build.0 = Release|Any CPU
		{A4FC3A3D-023F-41C0-B81C-0E9EFEF027D3}.AppStore|ARM.Deploy.0 = Release|Any CPU
		{A4FC3A3D-023F-41C0-B81C-0E9EFEF027D3}.AppStore|iPhone.ActiveCfg = Release|Any CPU
		{A4FC3A3D-023F-41C0-B81C-0E9EFEF027D3}.AppStore|iPhone.Build.0 = Release|Any CPU
		{A4FC3A3D-023F-41C0-B81C-0E9EFEF027D3}.AppStore|iPhone.Deploy.0 = Release|Any CPU
		{A4FC3A3D-023F-41C0-B81C-0E9EFEF027D3}.AppStore|iPhoneSimulator.ActiveCfg = Release|Any CPU
		{A4FC3A3D-023F-41C0-B81C-0E9EFEF027D3}.AppStore|iPhoneSimulator.Build.0 = Release|Any CPU
		{A4FC3A3D-023F-41C0-B81C-0E9EFEF027D3}.AppStore|iPhoneSimulator.Deploy.0 = Release|Any CPU
		{A4FC3A3D-023F-41C0-B81C-0E9EFEF027D3}.AppStore|x64.ActiveCfg = Release|Any CPU
		{A4FC3A3D-023F-41C0-B81C-0E9EFEF027D3}.AppStore|x64.Build.0 = Release|Any CPU
		{A4FC3A3D-023F-41C0-B81C-0E9EFEF027D3}.AppStore|x64.Deploy.0 = Release|Any CPU
		{A4FC3A3D-023F-41C0-B81C-0E9EFEF027D3}.AppStore|x86.ActiveCfg = Release|Any CPU
		{A4FC3A3D-023F-41C0-B81C-0E9EFEF027D3}.AppStore|x86.Build.0 = Release|Any CPU
		{A4FC3A3D-023F-41C0-B81C-0E9EFEF027D3}.AppStore|x86.Deploy.0 = Release|Any CPU
		{A4FC3A3D-023F-41C0-B81C-0E9EFEF027D3}.Debug|Any CPU.ActiveCfg = Debug|Any CPU
		{A4FC3A3D-023F-41C0-B81C-0E9EFEF027D3}.Debug|Any CPU.Build.0 = Debug|Any CPU
		{A4FC3A3D-023F-41C0-B81C-0E9EFEF027D3}.Debug|Any CPU.Deploy.0 = Debug|Any CPU
		{A4FC3A3D-023F-41C0-B81C-0E9EFEF027D3}.Debug|ARM.ActiveCfg = Debug|Any CPU
		{A4FC3A3D-023F-41C0-B81C-0E9EFEF027D3}.Debug|ARM.Build.0 = Debug|Any CPU
		{A4FC3A3D-023F-41C0-B81C-0E9EFEF027D3}.Debug|ARM.Deploy.0 = Debug|Any CPU
		{A4FC3A3D-023F-41C0-B81C-0E9EFEF027D3}.Debug|iPhone.ActiveCfg = Debug|Any CPU
		{A4FC3A3D-023F-41C0-B81C-0E9EFEF027D3}.Debug|iPhone.Build.0 = Debug|Any CPU
		{A4FC3A3D-023F-41C0-B81C-0E9EFEF027D3}.Debug|iPhone.Deploy.0 = Debug|Any CPU
		{A4FC3A3D-023F-41C0-B81C-0E9EFEF027D3}.Debug|iPhoneSimulator.ActiveCfg = Debug|Any CPU
		{A4FC3A3D-023F-41C0-B81C-0E9EFEF027D3}.Debug|iPhoneSimulator.Build.0 = Debug|Any CPU
		{A4FC3A3D-023F-41C0-B81C-0E9EFEF027D3}.Debug|iPhoneSimulator.Deploy.0 = Debug|Any CPU
		{A4FC3A3D-023F-41C0-B81C-0E9EFEF027D3}.Debug|x64.ActiveCfg = Debug|Any CPU
		{A4FC3A3D-023F-41C0-B81C-0E9EFEF027D3}.Debug|x64.Build.0 = Debug|Any CPU
		{A4FC3A3D-023F-41C0-B81C-0E9EFEF027D3}.Debug|x64.Deploy.0 = Debug|Any CPU
		{A4FC3A3D-023F-41C0-B81C-0E9EFEF027D3}.Debug|x86.ActiveCfg = Debug|Any CPU
		{A4FC3A3D-023F-41C0-B81C-0E9EFEF027D3}.Debug|x86.Build.0 = Debug|Any CPU
		{A4FC3A3D-023F-41C0-B81C-0E9EFEF027D3}.Debug|x86.Deploy.0 = Debug|Any CPU
		{A4FC3A3D-023F-41C0-B81C-0E9EFEF027D3}.Release|Any CPU.ActiveCfg = Release|Any CPU
		{A4FC3A3D-023F-41C0-B81C-0E9EFEF027D3}.Release|Any CPU.Build.0 = Release|Any CPU
		{A4FC3A3D-023F-41C0-B81C-0E9EFEF027D3}.Release|Any CPU.Deploy.0 = Release|Any CPU
		{A4FC3A3D-023F-41C0-B81C-0E9EFEF027D3}.Release|ARM.ActiveCfg = Release|Any CPU
		{A4FC3A3D-023F-41C0-B81C-0E9EFEF027D3}.Release|ARM.Build.0 = Release|Any CPU
		{A4FC3A3D-023F-41C0-B81C-0E9EFEF027D3}.Release|ARM.Deploy.0 = Release|Any CPU
		{A4FC3A3D-023F-41C0-B81C-0E9EFEF027D3}.Release|iPhone.ActiveCfg = Release|Any CPU
		{A4FC3A3D-023F-41C0-B81C-0E9EFEF027D3}.Release|iPhone.Build.0 = Release|Any CPU
		{A4FC3A3D-023F-41C0-B81C-0E9EFEF027D3}.Release|iPhone.Deploy.0 = Release|Any CPU
		{A4FC3A3D-023F-41C0-B81C-0E9EFEF027D3}.Release|iPhoneSimulator.ActiveCfg = Release|Any CPU
		{A4FC3A3D-023F-41C0-B81C-0E9EFEF027D3}.Release|iPhoneSimulator.Build.0 = Release|Any CPU
		{A4FC3A3D-023F-41C0-B81C-0E9EFEF027D3}.Release|iPhoneSimulator.Deploy.0 = Release|Any CPU
		{A4FC3A3D-023F-41C0-B81C-0E9EFEF027D3}.Release|x64.ActiveCfg = Release|Any CPU
		{A4FC3A3D-023F-41C0-B81C-0E9EFEF027D3}.Release|x64.Build.0 = Release|Any CPU
		{A4FC3A3D-023F-41C0-B81C-0E9EFEF027D3}.Release|x64.Deploy.0 = Release|Any CPU
		{A4FC3A3D-023F-41C0-B81C-0E9EFEF027D3}.Release|x86.ActiveCfg = Release|Any CPU
		{A4FC3A3D-023F-41C0-B81C-0E9EFEF027D3}.Release|x86.Build.0 = Release|Any CPU
		{A4FC3A3D-023F-41C0-B81C-0E9EFEF027D3}.Release|x86.Deploy.0 = Release|Any CPU
		{74DD17C9-6CEC-4764-8D06-B2D3D45809E0}.Ad-Hoc|Any CPU.ActiveCfg = Release|Any CPU
		{74DD17C9-6CEC-4764-8D06-B2D3D45809E0}.Ad-Hoc|Any CPU.Build.0 = Release|Any CPU
		{74DD17C9-6CEC-4764-8D06-B2D3D45809E0}.Ad-Hoc|ARM.ActiveCfg = Release|Any CPU
		{74DD17C9-6CEC-4764-8D06-B2D3D45809E0}.Ad-Hoc|ARM.Build.0 = Release|Any CPU
		{74DD17C9-6CEC-4764-8D06-B2D3D45809E0}.Ad-Hoc|iPhone.ActiveCfg = Release|Any CPU
		{74DD17C9-6CEC-4764-8D06-B2D3D45809E0}.Ad-Hoc|iPhone.Build.0 = Release|Any CPU
		{74DD17C9-6CEC-4764-8D06-B2D3D45809E0}.Ad-Hoc|iPhoneSimulator.ActiveCfg = Release|Any CPU
		{74DD17C9-6CEC-4764-8D06-B2D3D45809E0}.Ad-Hoc|iPhoneSimulator.Build.0 = Release|Any CPU
		{74DD17C9-6CEC-4764-8D06-B2D3D45809E0}.Ad-Hoc|x64.ActiveCfg = Release|Any CPU
		{74DD17C9-6CEC-4764-8D06-B2D3D45809E0}.Ad-Hoc|x64.Build.0 = Release|Any CPU
		{74DD17C9-6CEC-4764-8D06-B2D3D45809E0}.Ad-Hoc|x86.ActiveCfg = Release|Any CPU
		{74DD17C9-6CEC-4764-8D06-B2D3D45809E0}.Ad-Hoc|x86.Build.0 = Release|Any CPU
		{74DD17C9-6CEC-4764-8D06-B2D3D45809E0}.AppStore|Any CPU.ActiveCfg = Release|Any CPU
		{74DD17C9-6CEC-4764-8D06-B2D3D45809E0}.AppStore|Any CPU.Build.0 = Release|Any CPU
		{74DD17C9-6CEC-4764-8D06-B2D3D45809E0}.AppStore|ARM.ActiveCfg = Release|Any CPU
		{74DD17C9-6CEC-4764-8D06-B2D3D45809E0}.AppStore|ARM.Build.0 = Release|Any CPU
		{74DD17C9-6CEC-4764-8D06-B2D3D45809E0}.AppStore|iPhone.ActiveCfg = Release|Any CPU
		{74DD17C9-6CEC-4764-8D06-B2D3D45809E0}.AppStore|iPhone.Build.0 = Release|Any CPU
		{74DD17C9-6CEC-4764-8D06-B2D3D45809E0}.AppStore|iPhoneSimulator.ActiveCfg = Release|Any CPU
		{74DD17C9-6CEC-4764-8D06-B2D3D45809E0}.AppStore|iPhoneSimulator.Build.0 = Release|Any CPU
		{74DD17C9-6CEC-4764-8D06-B2D3D45809E0}.AppStore|x64.ActiveCfg = Release|Any CPU
		{74DD17C9-6CEC-4764-8D06-B2D3D45809E0}.AppStore|x64.Build.0 = Release|Any CPU
		{74DD17C9-6CEC-4764-8D06-B2D3D45809E0}.AppStore|x86.ActiveCfg = Release|Any CPU
		{74DD17C9-6CEC-4764-8D06-B2D3D45809E0}.AppStore|x86.Build.0 = Release|Any CPU
		{74DD17C9-6CEC-4764-8D06-B2D3D45809E0}.Debug|Any CPU.ActiveCfg = Debug|Any CPU
		{74DD17C9-6CEC-4764-8D06-B2D3D45809E0}.Debug|Any CPU.Build.0 = Debug|Any CPU
		{74DD17C9-6CEC-4764-8D06-B2D3D45809E0}.Debug|ARM.ActiveCfg = Debug|Any CPU
		{74DD17C9-6CEC-4764-8D06-B2D3D45809E0}.Debug|ARM.Build.0 = Debug|Any CPU
		{74DD17C9-6CEC-4764-8D06-B2D3D45809E0}.Debug|iPhone.ActiveCfg = Debug|Any CPU
		{74DD17C9-6CEC-4764-8D06-B2D3D45809E0}.Debug|iPhone.Build.0 = Debug|Any CPU
		{74DD17C9-6CEC-4764-8D06-B2D3D45809E0}.Debug|iPhoneSimulator.ActiveCfg = Debug|Any CPU
		{74DD17C9-6CEC-4764-8D06-B2D3D45809E0}.Debug|iPhoneSimulator.Build.0 = Debug|Any CPU
		{74DD17C9-6CEC-4764-8D06-B2D3D45809E0}.Debug|x64.ActiveCfg = Debug|Any CPU
		{74DD17C9-6CEC-4764-8D06-B2D3D45809E0}.Debug|x64.Build.0 = Debug|Any CPU
		{74DD17C9-6CEC-4764-8D06-B2D3D45809E0}.Debug|x86.ActiveCfg = Debug|Any CPU
		{74DD17C9-6CEC-4764-8D06-B2D3D45809E0}.Debug|x86.Build.0 = Debug|Any CPU
		{74DD17C9-6CEC-4764-8D06-B2D3D45809E0}.Release|Any CPU.ActiveCfg = Release|Any CPU
		{74DD17C9-6CEC-4764-8D06-B2D3D45809E0}.Release|Any CPU.Build.0 = Release|Any CPU
		{74DD17C9-6CEC-4764-8D06-B2D3D45809E0}.Release|ARM.ActiveCfg = Release|Any CPU
		{74DD17C9-6CEC-4764-8D06-B2D3D45809E0}.Release|ARM.Build.0 = Release|Any CPU
		{74DD17C9-6CEC-4764-8D06-B2D3D45809E0}.Release|iPhone.ActiveCfg = Release|Any CPU
		{74DD17C9-6CEC-4764-8D06-B2D3D45809E0}.Release|iPhone.Build.0 = Release|Any CPU
		{74DD17C9-6CEC-4764-8D06-B2D3D45809E0}.Release|iPhoneSimulator.ActiveCfg = Release|Any CPU
		{74DD17C9-6CEC-4764-8D06-B2D3D45809E0}.Release|iPhoneSimulator.Build.0 = Release|Any CPU
		{74DD17C9-6CEC-4764-8D06-B2D3D45809E0}.Release|x64.ActiveCfg = Release|Any CPU
		{74DD17C9-6CEC-4764-8D06-B2D3D45809E0}.Release|x64.Build.0 = Release|Any CPU
		{74DD17C9-6CEC-4764-8D06-B2D3D45809E0}.Release|x86.ActiveCfg = Release|Any CPU
		{74DD17C9-6CEC-4764-8D06-B2D3D45809E0}.Release|x86.Build.0 = Release|Any CPU
		{8693F5A0-66BA-4235-9931-035E55B1A273}.Ad-Hoc|Any CPU.ActiveCfg = Release|x64
		{8693F5A0-66BA-4235-9931-035E55B1A273}.Ad-Hoc|Any CPU.Build.0 = Release|x64
		{8693F5A0-66BA-4235-9931-035E55B1A273}.Ad-Hoc|Any CPU.Deploy.0 = Release|x64
		{8693F5A0-66BA-4235-9931-035E55B1A273}.Ad-Hoc|ARM.ActiveCfg = Release|ARM
		{8693F5A0-66BA-4235-9931-035E55B1A273}.Ad-Hoc|ARM.Build.0 = Release|ARM
		{8693F5A0-66BA-4235-9931-035E55B1A273}.Ad-Hoc|ARM.Deploy.0 = Release|ARM
		{8693F5A0-66BA-4235-9931-035E55B1A273}.Ad-Hoc|iPhone.ActiveCfg = Release|x64
		{8693F5A0-66BA-4235-9931-035E55B1A273}.Ad-Hoc|iPhone.Build.0 = Release|x64
		{8693F5A0-66BA-4235-9931-035E55B1A273}.Ad-Hoc|iPhone.Deploy.0 = Release|x64
		{8693F5A0-66BA-4235-9931-035E55B1A273}.Ad-Hoc|iPhoneSimulator.ActiveCfg = Release|x64
		{8693F5A0-66BA-4235-9931-035E55B1A273}.Ad-Hoc|iPhoneSimulator.Build.0 = Release|x64
		{8693F5A0-66BA-4235-9931-035E55B1A273}.Ad-Hoc|iPhoneSimulator.Deploy.0 = Release|x64
		{8693F5A0-66BA-4235-9931-035E55B1A273}.Ad-Hoc|x64.ActiveCfg = Release|x64
		{8693F5A0-66BA-4235-9931-035E55B1A273}.Ad-Hoc|x64.Build.0 = Release|x64
		{8693F5A0-66BA-4235-9931-035E55B1A273}.Ad-Hoc|x64.Deploy.0 = Release|x64
		{8693F5A0-66BA-4235-9931-035E55B1A273}.Ad-Hoc|x86.ActiveCfg = Release|x86
		{8693F5A0-66BA-4235-9931-035E55B1A273}.Ad-Hoc|x86.Build.0 = Release|x86
		{8693F5A0-66BA-4235-9931-035E55B1A273}.Ad-Hoc|x86.Deploy.0 = Release|x86
		{8693F5A0-66BA-4235-9931-035E55B1A273}.AppStore|Any CPU.ActiveCfg = Release|x64
		{8693F5A0-66BA-4235-9931-035E55B1A273}.AppStore|Any CPU.Build.0 = Release|x64
		{8693F5A0-66BA-4235-9931-035E55B1A273}.AppStore|Any CPU.Deploy.0 = Release|x64
		{8693F5A0-66BA-4235-9931-035E55B1A273}.AppStore|ARM.ActiveCfg = Release|ARM
		{8693F5A0-66BA-4235-9931-035E55B1A273}.AppStore|ARM.Build.0 = Release|ARM
		{8693F5A0-66BA-4235-9931-035E55B1A273}.AppStore|ARM.Deploy.0 = Release|ARM
		{8693F5A0-66BA-4235-9931-035E55B1A273}.AppStore|iPhone.ActiveCfg = Release|x64
		{8693F5A0-66BA-4235-9931-035E55B1A273}.AppStore|iPhone.Build.0 = Release|x64
		{8693F5A0-66BA-4235-9931-035E55B1A273}.AppStore|iPhone.Deploy.0 = Release|x64
		{8693F5A0-66BA-4235-9931-035E55B1A273}.AppStore|iPhoneSimulator.ActiveCfg = Release|x64
		{8693F5A0-66BA-4235-9931-035E55B1A273}.AppStore|iPhoneSimulator.Build.0 = Release|x64
		{8693F5A0-66BA-4235-9931-035E55B1A273}.AppStore|iPhoneSimulator.Deploy.0 = Release|x64
		{8693F5A0-66BA-4235-9931-035E55B1A273}.AppStore|x64.ActiveCfg = Release|x64
		{8693F5A0-66BA-4235-9931-035E55B1A273}.AppStore|x64.Build.0 = Release|x64
		{8693F5A0-66BA-4235-9931-035E55B1A273}.AppStore|x64.Deploy.0 = Release|x64
		{8693F5A0-66BA-4235-9931-035E55B1A273}.AppStore|x86.ActiveCfg = Release|x86
		{8693F5A0-66BA-4235-9931-035E55B1A273}.AppStore|x86.Build.0 = Release|x86
		{8693F5A0-66BA-4235-9931-035E55B1A273}.AppStore|x86.Deploy.0 = Release|x86
		{8693F5A0-66BA-4235-9931-035E55B1A273}.Debug|Any CPU.ActiveCfg = Debug|x86
		{8693F5A0-66BA-4235-9931-035E55B1A273}.Debug|ARM.ActiveCfg = Debug|ARM
		{8693F5A0-66BA-4235-9931-035E55B1A273}.Debug|ARM.Build.0 = Debug|ARM
		{8693F5A0-66BA-4235-9931-035E55B1A273}.Debug|ARM.Deploy.0 = Debug|ARM
		{8693F5A0-66BA-4235-9931-035E55B1A273}.Debug|iPhone.ActiveCfg = Debug|x86
		{8693F5A0-66BA-4235-9931-035E55B1A273}.Debug|iPhoneSimulator.ActiveCfg = Debug|x86
		{8693F5A0-66BA-4235-9931-035E55B1A273}.Debug|x64.ActiveCfg = Debug|x64
		{8693F5A0-66BA-4235-9931-035E55B1A273}.Debug|x64.Build.0 = Debug|x64
		{8693F5A0-66BA-4235-9931-035E55B1A273}.Debug|x64.Deploy.0 = Debug|x64
		{8693F5A0-66BA-4235-9931-035E55B1A273}.Debug|x86.ActiveCfg = Debug|x86
		{8693F5A0-66BA-4235-9931-035E55B1A273}.Debug|x86.Build.0 = Debug|x86
		{8693F5A0-66BA-4235-9931-035E55B1A273}.Debug|x86.Deploy.0 = Debug|x86
		{8693F5A0-66BA-4235-9931-035E55B1A273}.Release|Any CPU.ActiveCfg = Release|x86
		{8693F5A0-66BA-4235-9931-035E55B1A273}.Release|ARM.ActiveCfg = Release|ARM
		{8693F5A0-66BA-4235-9931-035E55B1A273}.Release|ARM.Build.0 = Release|ARM
		{8693F5A0-66BA-4235-9931-035E55B1A273}.Release|ARM.Deploy.0 = Release|ARM
		{8693F5A0-66BA-4235-9931-035E55B1A273}.Release|iPhone.ActiveCfg = Release|x86
		{8693F5A0-66BA-4235-9931-035E55B1A273}.Release|iPhoneSimulator.ActiveCfg = Release|x86
		{8693F5A0-66BA-4235-9931-035E55B1A273}.Release|x64.ActiveCfg = Release|x64
		{8693F5A0-66BA-4235-9931-035E55B1A273}.Release|x64.Build.0 = Release|x64
		{8693F5A0-66BA-4235-9931-035E55B1A273}.Release|x64.Deploy.0 = Release|x64
		{8693F5A0-66BA-4235-9931-035E55B1A273}.Release|x86.ActiveCfg = Release|x86
		{8693F5A0-66BA-4235-9931-035E55B1A273}.Release|x86.Build.0 = Release|x86
		{8693F5A0-66BA-4235-9931-035E55B1A273}.Release|x86.Deploy.0 = Release|x86
		{AF103635-291C-4928-951F-2C4D45516C82}.Ad-Hoc|Any CPU.ActiveCfg = Ad-Hoc|iPhone
		{AF103635-291C-4928-951F-2C4D45516C82}.Ad-Hoc|ARM.ActiveCfg = Ad-Hoc|iPhone
		{AF103635-291C-4928-951F-2C4D45516C82}.Ad-Hoc|iPhone.ActiveCfg = Ad-Hoc|iPhone
		{AF103635-291C-4928-951F-2C4D45516C82}.Ad-Hoc|iPhone.Build.0 = Ad-Hoc|iPhone
		{AF103635-291C-4928-951F-2C4D45516C82}.Ad-Hoc|iPhoneSimulator.ActiveCfg = Ad-Hoc|iPhoneSimulator
		{AF103635-291C-4928-951F-2C4D45516C82}.Ad-Hoc|iPhoneSimulator.Build.0 = Ad-Hoc|iPhoneSimulator
		{AF103635-291C-4928-951F-2C4D45516C82}.Ad-Hoc|x64.ActiveCfg = Ad-Hoc|iPhone
		{AF103635-291C-4928-951F-2C4D45516C82}.Ad-Hoc|x86.ActiveCfg = Ad-Hoc|iPhone
		{AF103635-291C-4928-951F-2C4D45516C82}.AppStore|Any CPU.ActiveCfg = AppStore|iPhone
		{AF103635-291C-4928-951F-2C4D45516C82}.AppStore|ARM.ActiveCfg = AppStore|iPhone
		{AF103635-291C-4928-951F-2C4D45516C82}.AppStore|iPhone.ActiveCfg = AppStore|iPhone
		{AF103635-291C-4928-951F-2C4D45516C82}.AppStore|iPhone.Build.0 = AppStore|iPhone
		{AF103635-291C-4928-951F-2C4D45516C82}.AppStore|iPhoneSimulator.ActiveCfg = AppStore|iPhoneSimulator
		{AF103635-291C-4928-951F-2C4D45516C82}.AppStore|iPhoneSimulator.Build.0 = AppStore|iPhoneSimulator
		{AF103635-291C-4928-951F-2C4D45516C82}.AppStore|x64.ActiveCfg = AppStore|iPhone
		{AF103635-291C-4928-951F-2C4D45516C82}.AppStore|x86.ActiveCfg = AppStore|iPhone
		{AF103635-291C-4928-951F-2C4D45516C82}.Debug|Any CPU.ActiveCfg = Debug|iPhone
		{AF103635-291C-4928-951F-2C4D45516C82}.Debug|ARM.ActiveCfg = Debug|iPhone
		{AF103635-291C-4928-951F-2C4D45516C82}.Debug|iPhone.ActiveCfg = Debug|iPhone
		{AF103635-291C-4928-951F-2C4D45516C82}.Debug|iPhone.Build.0 = Debug|iPhone
		{AF103635-291C-4928-951F-2C4D45516C82}.Debug|iPhoneSimulator.ActiveCfg = Debug|iPhoneSimulator
		{AF103635-291C-4928-951F-2C4D45516C82}.Debug|iPhoneSimulator.Build.0 = Debug|iPhoneSimulator
		{AF103635-291C-4928-951F-2C4D45516C82}.Debug|x64.ActiveCfg = Debug|iPhone
		{AF103635-291C-4928-951F-2C4D45516C82}.Debug|x86.ActiveCfg = Debug|iPhone
		{AF103635-291C-4928-951F-2C4D45516C82}.Release|Any CPU.ActiveCfg = Release|iPhone
		{AF103635-291C-4928-951F-2C4D45516C82}.Release|ARM.ActiveCfg = Release|iPhone
		{AF103635-291C-4928-951F-2C4D45516C82}.Release|iPhone.ActiveCfg = Release|iPhone
		{AF103635-291C-4928-951F-2C4D45516C82}.Release|iPhone.Build.0 = Release|iPhone
		{AF103635-291C-4928-951F-2C4D45516C82}.Release|iPhoneSimulator.ActiveCfg = Release|iPhoneSimulator
		{AF103635-291C-4928-951F-2C4D45516C82}.Release|iPhoneSimulator.Build.0 = Release|iPhoneSimulator
		{AF103635-291C-4928-951F-2C4D45516C82}.Release|x64.ActiveCfg = Release|iPhone
		{AF103635-291C-4928-951F-2C4D45516C82}.Release|x86.ActiveCfg = Release|iPhone
		{E7D0E41C-CDEB-45DF-BE50-7E9B69B9CC7B}.Ad-Hoc|Any CPU.ActiveCfg = Release|Any CPU
		{E7D0E41C-CDEB-45DF-BE50-7E9B69B9CC7B}.Ad-Hoc|Any CPU.Build.0 = Release|Any CPU
		{E7D0E41C-CDEB-45DF-BE50-7E9B69B9CC7B}.Ad-Hoc|ARM.ActiveCfg = Release|Any CPU
		{E7D0E41C-CDEB-45DF-BE50-7E9B69B9CC7B}.Ad-Hoc|ARM.Build.0 = Release|Any CPU
		{E7D0E41C-CDEB-45DF-BE50-7E9B69B9CC7B}.Ad-Hoc|iPhone.ActiveCfg = Release|Any CPU
		{E7D0E41C-CDEB-45DF-BE50-7E9B69B9CC7B}.Ad-Hoc|iPhone.Build.0 = Release|Any CPU
		{E7D0E41C-CDEB-45DF-BE50-7E9B69B9CC7B}.Ad-Hoc|iPhoneSimulator.ActiveCfg = Release|Any CPU
		{E7D0E41C-CDEB-45DF-BE50-7E9B69B9CC7B}.Ad-Hoc|iPhoneSimulator.Build.0 = Release|Any CPU
		{E7D0E41C-CDEB-45DF-BE50-7E9B69B9CC7B}.Ad-Hoc|x64.ActiveCfg = Release|Any CPU
		{E7D0E41C-CDEB-45DF-BE50-7E9B69B9CC7B}.Ad-Hoc|x64.Build.0 = Release|Any CPU
		{E7D0E41C-CDEB-45DF-BE50-7E9B69B9CC7B}.Ad-Hoc|x86.ActiveCfg = Release|Any CPU
		{E7D0E41C-CDEB-45DF-BE50-7E9B69B9CC7B}.Ad-Hoc|x86.Build.0 = Release|Any CPU
		{E7D0E41C-CDEB-45DF-BE50-7E9B69B9CC7B}.AppStore|Any CPU.ActiveCfg = Release|Any CPU
		{E7D0E41C-CDEB-45DF-BE50-7E9B69B9CC7B}.AppStore|Any CPU.Build.0 = Release|Any CPU
		{E7D0E41C-CDEB-45DF-BE50-7E9B69B9CC7B}.AppStore|ARM.ActiveCfg = Release|Any CPU
		{E7D0E41C-CDEB-45DF-BE50-7E9B69B9CC7B}.AppStore|ARM.Build.0 = Release|Any CPU
		{E7D0E41C-CDEB-45DF-BE50-7E9B69B9CC7B}.AppStore|iPhone.ActiveCfg = Release|Any CPU
		{E7D0E41C-CDEB-45DF-BE50-7E9B69B9CC7B}.AppStore|iPhone.Build.0 = Release|Any CPU
		{E7D0E41C-CDEB-45DF-BE50-7E9B69B9CC7B}.AppStore|iPhoneSimulator.ActiveCfg = Release|Any CPU
		{E7D0E41C-CDEB-45DF-BE50-7E9B69B9CC7B}.AppStore|iPhoneSimulator.Build.0 = Release|Any CPU
		{E7D0E41C-CDEB-45DF-BE50-7E9B69B9CC7B}.AppStore|x64.ActiveCfg = Release|Any CPU
		{E7D0E41C-CDEB-45DF-BE50-7E9B69B9CC7B}.AppStore|x64.Build.0 = Release|Any CPU
		{E7D0E41C-CDEB-45DF-BE50-7E9B69B9CC7B}.AppStore|x86.ActiveCfg = Release|Any CPU
		{E7D0E41C-CDEB-45DF-BE50-7E9B69B9CC7B}.AppStore|x86.Build.0 = Release|Any CPU
		{E7D0E41C-CDEB-45DF-BE50-7E9B69B9CC7B}.Debug|Any CPU.ActiveCfg = Debug|Any CPU
		{E7D0E41C-CDEB-45DF-BE50-7E9B69B9CC7B}.Debug|Any CPU.Build.0 = Debug|Any CPU
		{E7D0E41C-CDEB-45DF-BE50-7E9B69B9CC7B}.Debug|ARM.ActiveCfg = Debug|Any CPU
		{E7D0E41C-CDEB-45DF-BE50-7E9B69B9CC7B}.Debug|ARM.Build.0 = Debug|Any CPU
		{E7D0E41C-CDEB-45DF-BE50-7E9B69B9CC7B}.Debug|iPhone.ActiveCfg = Debug|Any CPU
		{E7D0E41C-CDEB-45DF-BE50-7E9B69B9CC7B}.Debug|iPhone.Build.0 = Debug|Any CPU
		{E7D0E41C-CDEB-45DF-BE50-7E9B69B9CC7B}.Debug|iPhoneSimulator.ActiveCfg = Debug|Any CPU
		{E7D0E41C-CDEB-45DF-BE50-7E9B69B9CC7B}.Debug|iPhoneSimulator.Build.0 = Debug|Any CPU
		{E7D0E41C-CDEB-45DF-BE50-7E9B69B9CC7B}.Debug|x64.ActiveCfg = Debug|Any CPU
		{E7D0E41C-CDEB-45DF-BE50-7E9B69B9CC7B}.Debug|x64.Build.0 = Debug|Any CPU
		{E7D0E41C-CDEB-45DF-BE50-7E9B69B9CC7B}.Debug|x86.ActiveCfg = Debug|Any CPU
		{E7D0E41C-CDEB-45DF-BE50-7E9B69B9CC7B}.Debug|x86.Build.0 = Debug|Any CPU
		{E7D0E41C-CDEB-45DF-BE50-7E9B69B9CC7B}.Release|Any CPU.ActiveCfg = Release|Any CPU
		{E7D0E41C-CDEB-45DF-BE50-7E9B69B9CC7B}.Release|Any CPU.Build.0 = Release|Any CPU
		{E7D0E41C-CDEB-45DF-BE50-7E9B69B9CC7B}.Release|ARM.ActiveCfg = Release|Any CPU
		{E7D0E41C-CDEB-45DF-BE50-7E9B69B9CC7B}.Release|ARM.Build.0 = Release|Any CPU
		{E7D0E41C-CDEB-45DF-BE50-7E9B69B9CC7B}.Release|iPhone.ActiveCfg = Release|Any CPU
		{E7D0E41C-CDEB-45DF-BE50-7E9B69B9CC7B}.Release|iPhone.Build.0 = Release|Any CPU
		{E7D0E41C-CDEB-45DF-BE50-7E9B69B9CC7B}.Release|iPhoneSimulator.ActiveCfg = Release|Any CPU
		{E7D0E41C-CDEB-45DF-BE50-7E9B69B9CC7B}.Release|iPhoneSimulator.Build.0 = Release|Any CPU
		{E7D0E41C-CDEB-45DF-BE50-7E9B69B9CC7B}.Release|x64.ActiveCfg = Release|Any CPU
		{E7D0E41C-CDEB-45DF-BE50-7E9B69B9CC7B}.Release|x64.Build.0 = Release|Any CPU
		{E7D0E41C-CDEB-45DF-BE50-7E9B69B9CC7B}.Release|x86.ActiveCfg = Release|Any CPU
		{E7D0E41C-CDEB-45DF-BE50-7E9B69B9CC7B}.Release|x86.Build.0 = Release|Any CPU
	EndGlobalSection
	GlobalSection(SolutionProperties) = preSolution
		HideSolutionNode = FALSE
	EndGlobalSection
	GlobalSection(ExtensibilityGlobals) = postSolution
		SolutionGuid = {0CBFC176-7D22-4A2C-893F-E37D2015F519}
	EndGlobalSection
EndGlobal
